{
  "name": "freespeech",
  "version": "0.0.1",
  "lockfileVersion": 3,
  "requires": true,
  "packages": {
    "": {
      "name": "freespeech",
      "version": "0.0.1",
      "license": "WTFPL",
      "dependencies": {
        "@snyk/protect": "^1.1293.1"
      }
    },
    "node_modules/@snyk/protect": {
      "version": "1.1293.1",
      "resolved": "https://registry.npmjs.org/@snyk/protect/-/protect-1.1293.1.tgz",
      "integrity": "sha512-PT2lleyaQU+AvWmnPJ3yKWNyj7JnPUZvOrVTRfXpmmPfjx+U2k3jzsk8EDj0BJd9+goTsTyeQVGCPPSqE5MQtQ==",
      "license": "Apache-2.0",
      "bin": {
        "snyk-protect": "bin/snyk-protect"
      },
      "engines": {
        "node": ">=10"
      }
    }
  }
}
